
Microsoft Visual Studio Solution File, Format Version 12.00
# Visual Studio Version 17
VisualStudioVersion = 17.10.35013.160
MinimumVisualStudioVersion = 10.0.40219.1
Project("{8BC9CEB8-8B4A-11D0-8D11-00A0C91BC942}") = "Threads", "Threads\Threads.vcxproj", "{76FEC2EF-EEA4-4B1A-A02F-803E12549965}"
EndProject
Global
	GlobalSection(SolutionConfigurationPlatforms) = preSolution
		Debug|x64 = Debug|x64
		Debug|x86 = Debug|x86
		Release|x64 = Release|x64
		Release|x86 = Release|x86
	EndGlobalSection
	GlobalSection(ProjectConfigurationPlatforms) = postSolution
		{76FEC2EF-EEA4-4B1A-A02F-803E12549965}.Debug|x64.ActiveCfg = Debug|x64
		{76FEC2EF-EEA4-4B1A-A02F-803E12549965}.Debug|x64.Build.0 = Debug|x64
		{76FEC2EF-EEA4-4B1A-A02F-803E12549965}.Debug|x86.ActiveCfg = Debug|Win32
		{76FEC2EF-EEA4-4B1A-A02F-803E12549965}.Debug|x86.Build.0 = Debug|Win32
		{76FEC2EF-EEA4-4B1A-A02F-803E12549965}.Release|x64.ActiveCfg = Release|x64
		{76FEC2EF-EEA4-4B1A-A02F-803E12549965}.Release|x64.Build.0 = Release|x64
		{76FEC2EF-EEA4-4B1A-A02F-803E12549965}.Release|x86.ActiveCfg = Release|Win32
		{76FEC2EF-EEA4-4B1A-A02F-803E12549965}.Release|x86.Build.0 = Release|Win32
	EndGlobalSection
	GlobalSection(SolutionProperties) = preSolution
		HideSolutionNode = FALSE
	EndGlobalSection
	GlobalSection(ExtensibilityGlobals) = postSolution
		SolutionGuid = {35F30D36-7961-4EC9-9827-422755CC7D41}
	EndGlobalSection
EndGlobal
